
Microsoft Visual Studio Solution File, Format Version 12.00
# Visual Studio Version 17
VisualStudioVersion = 17.1.32421.90
MinimumVisualStudioVersion = 10.0.40219.1
Project("{FAE04EC0-301F-11D3-BF4B-00C04F79EFBC}") = "testWallNetCore", "testWallNetCore\testWallNetCore.csproj", "{D927AF06-368F-4C1F-A9C9-AA7E15C66E5F}"
EndProject
Global
	GlobalSection(SolutionConfigurationPlatforms) = preSolution
		Debug|Any CPU = Debug|Any CPU
		Release|Any CPU = Release|Any CPU
	EndGlobalSection
	GlobalSection(ProjectConfigurationPlatforms) = postSolution
		{D927AF06-368F-4C1F-A9C9-AA7E15C66E5F}.Debug|Any CPU.ActiveCfg = Debug|Any CPU
		{D927AF06-368F-4C1F-A9C9-AA7E15C66E5F}.Debug|Any CPU.Build.0 = Debug|Any CPU
		{D927AF06-368F-4C1F-A9C9-AA7E15C66E5F}.Release|Any CPU.ActiveCfg = Release|Any CPU
		{D927AF06-368F-4C1F-A9C9-AA7E15C66E5F}.Release|Any CPU.Build.0 = Release|Any CPU
	EndGlobalSection
	GlobalSection(SolutionProperties) = preSolution
		HideSolutionNode = FALSE
	EndGlobalSection
	GlobalSection(ExtensibilityGlobals) = postSolution
		SolutionGuid = {82A639BC-A6F8-4FF3-A8E5-81A5827C4304}
	EndGlobalSection
EndGlobal
